// !$*UTF8*$!
{
	archiveVersion = 1;
	classes = {
	};
	objectVersion = 60;
	objects = {

/* Begin PBXBuildFile section */
		B00100000000000000000001 /* AppState.swift in Sources */ = {isa = PBXBuildFile; fileRef = A00100000000000000000001 /* AppState.swift */; };
		B00100000000000000000002 /* MainTabView.swift in Sources */ = {isa = PBXBuildFile; fileRef = A00100000000000000000002 /* MainTabView.swift */; };
		B00100000000000000000003 /* RootView.swift in Sources */ = {isa = PBXBuildFile; fileRef = A00100000000000000000003 /* RootView.swift */; };
		B00100000000000000000004 /* AuthModels.swift in Sources */ = {isa = PBXBuildFile; fileRef = A00100000000000000000004 /* AuthModels.swift */; };
		B00100000000000000000005 /* PetModels.swift in Sources */ = {isa = PBXBuildFile; fileRef = A00100000000000000000005 /* PetModels.swift */; };
		B00100000000000000000006 /* PlaceModels.swift in Sources */ = {isa = PBXBuildFile; fileRef = A00100000000000000000006 /* PlaceModels.swift */; };
		B00100000000000000000007 /* ReminderModels.swift in Sources */ = {isa = PBXBuildFile; fileRef = A00100000000000000000007 /* ReminderModels.swift */; };
		B00100000000000000000008 /* WalkModels.swift in Sources */ = {isa = PBXBuildFile; fileRef = A00100000000000000000008 /* WalkModels.swift */; };
		B00100000000000000000009 /* APIClient.swift in Sources */ = {isa = PBXBuildFile; fileRef = A00100000000000000000009 /* APIClient.swift */; };
		B0010000000000000000000A /* APIError.swift in Sources */ = {isa = PBXBuildFile; fileRef = A0010000000000000000000A /* APIError.swift */; };
		B0010000000000000000000B /* Coding.swift in Sources */ = {isa = PBXBuildFile; fileRef = A0010000000000000000000B /* Coding.swift */; };
		B0010000000000000000000C /* AuthSession.swift in Sources */ = {isa = PBXBuildFile; fileRef = A0010000000000000000000C /* AuthSession.swift */; };
		B0010000000000000000000D /* TokenStore.swift in Sources */ = {isa = PBXBuildFile; fileRef = A0010000000000000000000D /* TokenStore.swift */; };
		B0010000000000000000000E /* LoadableState.swift in Sources */ = {isa = PBXBuildFile; fileRef = A0010000000000000000000E /* LoadableState.swift */; };
		B0010000000000000000000F /* DoggoComponents.swift in Sources */ = {isa = PBXBuildFile; fileRef = A0010000000000000000000F /* DoggoComponents.swift */; };
		B00100000000000000000010 /* DoggoInputModifiers.swift in Sources */ = {isa = PBXBuildFile; fileRef = A00100000000000000000010 /* DoggoInputModifiers.swift */; };
		B00100000000000000000011 /* DoggoTheme.swift in Sources */ = {isa = PBXBuildFile; fileRef = A00100000000000000000011 /* DoggoTheme.swift */; };
		B00100000000000000000012 /* StateViews.swift in Sources */ = {isa = PBXBuildFile; fileRef = A00100000000000000000012 /* StateViews.swift */; };
		B00100000000000000000021 /* LocationManager.swift in Sources */ = {isa = PBXBuildFile; fileRef = A00100000000000000000021 /* LocationManager.swift */; };
		B00100000000000000000013 /* DoggoApp.swift in Sources */ = {isa = PBXBuildFile; fileRef = A00100000000000000000013 /* DoggoApp.swift */; };
		B00100000000000000000014 /* AuthView.swift in Sources */ = {isa = PBXBuildFile; fileRef = A00100000000000000000014 /* AuthView.swift */; };
		B00100000000000000000015 /* AuthViewModel.swift in Sources */ = {isa = PBXBuildFile; fileRef = A00100000000000000000015 /* AuthViewModel.swift */; };
		B00100000000000000000016 /* PetsListView.swift in Sources */ = {isa = PBXBuildFile; fileRef = A00100000000000000000016 /* PetsListView.swift */; };
		B00100000000000000000017 /* PetsViewModel.swift in Sources */ = {isa = PBXBuildFile; fileRef = A00100000000000000000017 /* PetsViewModel.swift */; };
		B00100000000000000000018 /* PlacesView.swift in Sources */ = {isa = PBXBuildFile; fileRef = A00100000000000000000018 /* PlacesView.swift */; };
		B00100000000000000000019 /* PlacesViewModel.swift in Sources */ = {isa = PBXBuildFile; fileRef = A00100000000000000000019 /* PlacesViewModel.swift */; };
		B0010000000000000000001A /* ProfileView.swift in Sources */ = {isa = PBXBuildFile; fileRef = A0010000000000000000001A /* ProfileView.swift */; };
		B0010000000000000000001B /* ProfileViewModel.swift in Sources */ = {isa = PBXBuildFile; fileRef = A0010000000000000000001B /* ProfileViewModel.swift */; };
		B0010000000000000000001C /* RemindersView.swift in Sources */ = {isa = PBXBuildFile; fileRef = A0010000000000000000001C /* RemindersView.swift */; };
		B0010000000000000000001D /* RemindersViewModel.swift in Sources */ = {isa = PBXBuildFile; fileRef = A0010000000000000000001D /* RemindersViewModel.swift */; };
		B0010000000000000000001E /* WalksHomeView.swift in Sources */ = {isa = PBXBuildFile; fileRef = A0010000000000000000001E /* WalksHomeView.swift */; };
		B0010000000000000000001F /* WalksViewModel.swift in Sources */ = {isa = PBXBuildFile; fileRef = A0010000000000000000001F /* WalksViewModel.swift */; };
		B00100000000000000000020 /* PreviewContent.json in Resources */ = {isa = PBXBuildFile; fileRef = A00100000000000000000020 /* PreviewContent.json */; };
/* End PBXBuildFile section */

/* Begin PBXFileReference section */
		A00100000000000000000001 /* AppState.swift */ = {isa = PBXFileReference; lastKnownFileType = sourcecode.swift; path = Sources/Doggo/App/AppState.swift; sourceTree = "<group>"; };
		A00100000000000000000002 /* MainTabView.swift */ = {isa = PBXFileReference; lastKnownFileType = sourcecode.swift; path = Sources/Doggo/App/MainTabView.swift; sourceTree = "<group>"; };
		A00100000000000000000003 /* RootView.swift */ = {isa = PBXFileReference; lastKnownFileType = sourcecode.swift; path = Sources/Doggo/App/RootView.swift; sourceTree = "<group>"; };
		A00100000000000000000004 /* AuthModels.swift */ = {isa = PBXFileReference; lastKnownFileType = sourcecode.swift; path = Sources/Doggo/Core/Models/AuthModels.swift; sourceTree = "<group>"; };
		A00100000000000000000005 /* PetModels.swift */ = {isa = PBXFileReference; lastKnownFileType = sourcecode.swift; path = Sources/Doggo/Core/Models/PetModels.swift; sourceTree = "<group>"; };
		A00100000000000000000006 /* PlaceModels.swift */ = {isa = PBXFileReference; lastKnownFileType = sourcecode.swift; path = Sources/Doggo/Core/Models/PlaceModels.swift; sourceTree = "<group>"; };
		A00100000000000000000007 /* ReminderModels.swift */ = {isa = PBXFileReference; lastKnownFileType = sourcecode.swift; path = Sources/Doggo/Core/Models/ReminderModels.swift; sourceTree = "<group>"; };
		A00100000000000000000008 /* WalkModels.swift */ = {isa = PBXFileReference; lastKnownFileType = sourcecode.swift; path = Sources/Doggo/Core/Models/WalkModels.swift; sourceTree = "<group>"; };
		A00100000000000000000009 /* APIClient.swift */ = {isa = PBXFileReference; lastKnownFileType = sourcecode.swift; path = Sources/Doggo/Core/Networking/APIClient.swift; sourceTree = "<group>"; };
		A0010000000000000000000A /* APIError.swift */ = {isa = PBXFileReference; lastKnownFileType = sourcecode.swift; path = Sources/Doggo/Core/Networking/APIError.swift; sourceTree = "<group>"; };
		A0010000000000000000000B /* Coding.swift */ = {isa = PBXFileReference; lastKnownFileType = sourcecode.swift; path = Sources/Doggo/Core/Networking/Coding.swift; sourceTree = "<group>"; };
		A0010000000000000000000C /* AuthSession.swift */ = {isa = PBXFileReference; lastKnownFileType = sourcecode.swift; path = Sources/Doggo/Core/Security/AuthSession.swift; sourceTree = "<group>"; };
		A0010000000000000000000D /* TokenStore.swift */ = {isa = PBXFileReference; lastKnownFileType = sourcecode.swift; path = Sources/Doggo/Core/Security/TokenStore.swift; sourceTree = "<group>"; };
		A0010000000000000000000E /* LoadableState.swift */ = {isa = PBXFileReference; lastKnownFileType = sourcecode.swift; path = Sources/Doggo/Core/State/LoadableState.swift; sourceTree = "<group>"; };
		A0010000000000000000000F /* DoggoComponents.swift */ = {isa = PBXFileReference; lastKnownFileType = sourcecode.swift; path = Sources/Doggo/Core/UI/DoggoComponents.swift; sourceTree = "<group>"; };
		A00100000000000000000010 /* DoggoInputModifiers.swift */ = {isa = PBXFileReference; lastKnownFileType = sourcecode.swift; path = Sources/Doggo/Core/UI/DoggoInputModifiers.swift; sourceTree = "<group>"; };
		A00100000000000000000011 /* DoggoTheme.swift */ = {isa = PBXFileReference; lastKnownFileType = sourcecode.swift; path = Sources/Doggo/Core/UI/DoggoTheme.swift; sourceTree = "<group>"; };
		A00100000000000000000012 /* StateViews.swift */ = {isa = PBXFileReference; lastKnownFileType = sourcecode.swift; path = Sources/Doggo/Core/UI/StateViews.swift; sourceTree = "<group>"; };
		A00100000000000000000021 /* LocationManager.swift */ = {isa = PBXFileReference; lastKnownFileType = sourcecode.swift; path = Sources/Doggo/Core/Location/LocationManager.swift; sourceTree = "<group>"; };
		A00100000000000000000013 /* DoggoApp.swift */ = {isa = PBXFileReference; lastKnownFileType = sourcecode.swift; path = Sources/Doggo/DoggoApp.swift; sourceTree = "<group>"; };
		A00100000000000000000014 /* AuthView.swift */ = {isa = PBXFileReference; lastKnownFileType = sourcecode.swift; path = Sources/Doggo/Features/Auth/AuthView.swift; sourceTree = "<group>"; };
		A00100000000000000000015 /* AuthViewModel.swift */ = {isa = PBXFileReference; lastKnownFileType = sourcecode.swift; path = Sources/Doggo/Features/Auth/AuthViewModel.swift; sourceTree = "<group>"; };
		A00100000000000000000016 /* PetsListView.swift */ = {isa = PBXFileReference; lastKnownFileType = sourcecode.swift; path = Sources/Doggo/Features/Pets/PetsListView.swift; sourceTree = "<group>"; };
		A00100000000000000000017 /* PetsViewModel.swift */ = {isa = PBXFileReference; lastKnownFileType = sourcecode.swift; path = Sources/Doggo/Features/Pets/PetsViewModel.swift; sourceTree = "<group>"; };
		A00100000000000000000018 /* PlacesView.swift */ = {isa = PBXFileReference; lastKnownFileType = sourcecode.swift; path = Sources/Doggo/Features/Places/PlacesView.swift; sourceTree = "<group>"; };
		A00100000000000000000019 /* PlacesViewModel.swift */ = {isa = PBXFileReference; lastKnownFileType = sourcecode.swift; path = Sources/Doggo/Features/Places/PlacesViewModel.swift; sourceTree = "<group>"; };
		A0010000000000000000001A /* ProfileView.swift */ = {isa = PBXFileReference; lastKnownFileType = sourcecode.swift; path = Sources/Doggo/Features/Profile/ProfileView.swift; sourceTree = "<group>"; };
		A0010000000000000000001B /* ProfileViewModel.swift */ = {isa = PBXFileReference; lastKnownFileType = sourcecode.swift; path = Sources/Doggo/Features/Profile/ProfileViewModel.swift; sourceTree = "<group>"; };
		A0010000000000000000001C /* RemindersView.swift */ = {isa = PBXFileReference; lastKnownFileType = sourcecode.swift; path = Sources/Doggo/Features/Reminders/RemindersView.swift; sourceTree = "<group>"; };
		A0010000000000000000001D /* RemindersViewModel.swift */ = {isa = PBXFileReference; lastKnownFileType = sourcecode.swift; path = Sources/Doggo/Features/Reminders/RemindersViewModel.swift; sourceTree = "<group>"; };
		A0010000000000000000001E /* WalksHomeView.swift */ = {isa = PBXFileReference; lastKnownFileType = sourcecode.swift; path = Sources/Doggo/Features/Walks/WalksHomeView.swift; sourceTree = "<group>"; };
		A0010000000000000000001F /* WalksViewModel.swift */ = {isa = PBXFileReference; lastKnownFileType = sourcecode.swift; path = Sources/Doggo/Features/Walks/WalksViewModel.swift; sourceTree = "<group>"; };
		A00100000000000000000020 /* PreviewContent.json */ = {isa = PBXFileReference; lastKnownFileType = text.json; path = Sources/Doggo/Resources/PreviewContent.json; sourceTree = "<group>"; };
		C00100000000000000000001 /* Doggo.app */ = {isa = PBXFileReference; explicitFileType = wrapper.application; includeInIndex = 0; path = Doggo.app; sourceTree = BUILT_PRODUCTS_DIR; };
/* End PBXFileReference section */

/* Begin PBXFrameworksBuildPhase section */
		D00100000000000000000001 /* Frameworks */ = {
			isa = PBXFrameworksBuildPhase;
			buildActionMask = 2147483647;
			files = (
			);
			runOnlyForDeploymentPostprocessing = 0;
		};
/* End PBXFrameworksBuildPhase section */

/* Begin PBXGroup section */
		E00100000000000000000001 = {
			isa = PBXGroup;
			children = (
				E00100000000000000000002 /* Doggo */,
				E00100000000000000000003 /* Products */,
			);
			sourceTree = "<group>";
		};
		E00100000000000000000002 /* Doggo */ = {
			isa = PBXGroup;
			children = (
				A00100000000000000000013 /* DoggoApp.swift */,
				A00100000000000000000001 /* AppState.swift */,
				A00100000000000000000002 /* MainTabView.swift */,
				A00100000000000000000003 /* RootView.swift */,
				A00100000000000000000004 /* AuthModels.swift */,
				A00100000000000000000005 /* PetModels.swift */,
				A00100000000000000000006 /* PlaceModels.swift */,
				A00100000000000000000007 /* ReminderModels.swift */,
				A00100000000000000000008 /* WalkModels.swift */,
				A00100000000000000000009 /* APIClient.swift */,
				A0010000000000000000000A /* APIError.swift */,
				A0010000000000000000000B /* Coding.swift */,
				A0010000000000000000000C /* AuthSession.swift */,
				A0010000000000000000000D /* TokenStore.swift */,
				A0010000000000000000000E /* LoadableState.swift */,
				A0010000000000000000000F /* DoggoComponents.swift */,
				A00100000000000000000010 /* DoggoInputModifiers.swift */,
				A00100000000000000000011 /* DoggoTheme.swift */,
				A00100000000000000000012 /* StateViews.swift */,
				A00100000000000000000021 /* LocationManager.swift */,
				A00100000000000000000014 /* AuthView.swift */,
				A00100000000000000000015 /* AuthViewModel.swift */,
				A00100000000000000000016 /* PetsListView.swift */,
				A00100000000000000000017 /* PetsViewModel.swift */,
				A00100000000000000000018 /* PlacesView.swift */,
				A00100000000000000000019 /* PlacesViewModel.swift */,
				A0010000000000000000001A /* ProfileView.swift */,
				A0010000000000000000001B /* ProfileViewModel.swift */,
				A0010000000000000000001C /* RemindersView.swift */,
				A0010000000000000000001D /* RemindersViewModel.swift */,
				A0010000000000000000001E /* WalksHomeView.swift */,
				A0010000000000000000001F /* WalksViewModel.swift */,
				A00100000000000000000020 /* PreviewContent.json */,
			);
			path = .;
			sourceTree = "<group>";
		};
		E00100000000000000000003 /* Products */ = {
			isa = PBXGroup;
			children = (
				C00100000000000000000001 /* Doggo.app */,
			);
			name = Products;
			sourceTree = "<group>";
		};
/* End PBXGroup section */

/* Begin PBXNativeTarget section */
		F00100000000000000000001 /* Doggo */ = {
			isa = PBXNativeTarget;
			buildConfigurationList = H00100000000000000000003 /* Build configuration list for PBXNativeTarget "Doggo" */;
			buildPhases = (
				D00100000000000000000002 /* Sources */,
				D00100000000000000000001 /* Frameworks */,
				D00100000000000000000003 /* Resources */,
			);
			buildRules = (
			);
			dependencies = (
			);
			name = Doggo;
			productName = Doggo;
			productReference = C00100000000000000000001 /* Doggo.app */;
			productType = "com.apple.product-type.application";
		};
/* End PBXNativeTarget section */

/* Begin PBXProject section */
		F00100000000000000000002 /* Project object */ = {
			isa = PBXProject;
			attributes = {
				BuildIndependentTargetsInParallel = 1;
				LastSwiftUpdateCheck = 1640;
				LastUpgradeCheck = 1640;
				TargetAttributes = {
					F00100000000000000000001 = {
						CreatedOnToolsVersion = 16.4;
					};
				};
			};
			buildConfigurationList = H00100000000000000000004 /* Build configuration list for PBXProject "Doggo" */;
			compatibilityVersion = "Xcode 14.0";
			developmentRegion = en;
			hasScannedForEncodings = 0;
			knownRegions = (
				en,
				Base,
			);
			mainGroup = E00100000000000000000001;
			productRefGroup = E00100000000000000000003 /* Products */;
			projectDirPath = "";
			projectRoot = "";
			targets = (
				F00100000000000000000001 /* Doggo */,
			);
		};
/* End PBXProject section */

/* Begin PBXResourcesBuildPhase section */
		D00100000000000000000003 /* Resources */ = {
			isa = PBXResourcesBuildPhase;
			buildActionMask = 2147483647;
			files = (
				B00100000000000000000020 /* PreviewContent.json in Resources */,
			);
			runOnlyForDeploymentPostprocessing = 0;
		};
/* End PBXResourcesBuildPhase section */

/* Begin PBXSourcesBuildPhase section */
		D00100000000000000000002 /* Sources */ = {
			isa = PBXSourcesBuildPhase;
			buildActionMask = 2147483647;
			files = (
				B00100000000000000000001 /* AppState.swift in Sources */,
				B00100000000000000000002 /* MainTabView.swift in Sources */,
				B00100000000000000000003 /* RootView.swift in Sources */,
				B00100000000000000000004 /* AuthModels.swift in Sources */,
				B00100000000000000000005 /* PetModels.swift in Sources */,
				B00100000000000000000006 /* PlaceModels.swift in Sources */,
				B00100000000000000000007 /* ReminderModels.swift in Sources */,
				B00100000000000000000008 /* WalkModels.swift in Sources */,
				B00100000000000000000009 /* APIClient.swift in Sources */,
				B0010000000000000000000A /* APIError.swift in Sources */,
				B0010000000000000000000B /* Coding.swift in Sources */,
				B0010000000000000000000C /* AuthSession.swift in Sources */,
				B0010000000000000000000D /* TokenStore.swift in Sources */,
				B0010000000000000000000E /* LoadableState.swift in Sources */,
				B0010000000000000000000F /* DoggoComponents.swift in Sources */,
				B00100000000000000000010 /* DoggoInputModifiers.swift in Sources */,
				B00100000000000000000011 /* DoggoTheme.swift in Sources */,
				B00100000000000000000012 /* StateViews.swift in Sources */,
				B00100000000000000000021 /* LocationManager.swift in Sources */,
				B00100000000000000000013 /* DoggoApp.swift in Sources */,
				B00100000000000000000014 /* AuthView.swift in Sources */,
				B00100000000000000000015 /* AuthViewModel.swift in Sources */,
				B00100000000000000000016 /* PetsListView.swift in Sources */,
				B00100000000000000000017 /* PetsViewModel.swift in Sources */,
				B00100000000000000000018 /* PlacesView.swift in Sources */,
				B00100000000000000000019 /* PlacesViewModel.swift in Sources */,
				B0010000000000000000001A /* ProfileView.swift in Sources */,
				B0010000000000000000001B /* ProfileViewModel.swift in Sources */,
				B0010000000000000000001C /* RemindersView.swift in Sources */,
				B0010000000000000000001D /* RemindersViewModel.swift in Sources */,
				B0010000000000000000001E /* WalksHomeView.swift in Sources */,
				B0010000000000000000001F /* WalksViewModel.swift in Sources */,
			);
			runOnlyForDeploymentPostprocessing = 0;
		};
/* End PBXSourcesBuildPhase section */

/* Begin XCBuildConfiguration section */
		H00100000000000000000001 /* Debug */ = {
			isa = XCBuildConfiguration;
			buildSettings = {
				ALWAYS_SEARCH_USER_PATHS = NO;
				CLANG_ANALYZER_NONNULL = YES;
				CLANG_ANALYZER_NUMBER_OBJECT_CONVERSION = YES_AGGRESSIVE;
				CLANG_CXX_LANGUAGE_STANDARD = "gnu++20";
				CLANG_ENABLE_MODULES = YES;
				CLANG_ENABLE_OBJC_ARC = YES;
				CLANG_ENABLE_OBJC_WEAK = YES;
				CLANG_WARN_BLOCK_CAPTURE_AUTORELEASING = YES;
				CLANG_WARN_BOOL_CONVERSION = YES;
				CLANG_WARN_COMMA = YES;
				CLANG_WARN_CONSTANT_CONVERSION = YES;
				CLANG_WARN_DEPRECATED_OBJC_IMPLEMENTATIONS = YES;
				CLANG_WARN_DIRECT_OBJC_ISA_USAGE = YES_ERROR;
				CLANG_WARN_DOCUMENTATION_COMMENTS = YES;
				CLANG_WARN_EMPTY_BODY = YES;
				CLANG_WARN_ENUM_CONVERSION = YES;
				CLANG_WARN_INFINITE_RECURSION = YES;
				CLANG_WARN_INT_CONVERSION = YES;
				CLANG_WARN_NON_LITERAL_NULL_CONVERSION = YES;
				CLANG_WARN_OBJC_IMPLICIT_RETAIN_SELF = YES;
				CLANG_WARN_OBJC_LITERAL_CONVERSION = YES;
				CLANG_WARN_OBJC_ROOT_CLASS = YES_ERROR;
				CLANG_WARN_QUOTED_INCLUDE_IN_FRAMEWORK_HEADER = YES;
				CLANG_WARN_RANGE_LOOP_ANALYSIS = YES;
				CLANG_WARN_STRICT_PROTOTYPES = YES;
				CLANG_WARN_SUSPICIOUS_MOVE = YES;
				CLANG_WARN_UNGUARDED_AVAILABILITY = YES_AGGRESSIVE;
				CLANG_WARN_UNREACHABLE_CODE = YES;
				CLANG_WARN__DUPLICATE_METHOD_MATCH = YES;
				COPY_PHASE_STRIP = NO;
				DEBUG_INFORMATION_FORMAT = dwarf;
				ENABLE_STRICT_OBJC_MSGSEND = YES;
				ENABLE_TESTABILITY = YES;
				ENABLE_USER_SCRIPT_SANDBOXING = YES;
				GCC_C_LANGUAGE_STANDARD = gnu17;
				GCC_DYNAMIC_NO_PIC = NO;
				GCC_NO_COMMON_BLOCKS = YES;
				GCC_OPTIMIZATION_LEVEL = 0;
				GCC_PREPROCESSOR_DEFINITIONS = (
					"DEBUG=1",
					"$(inherited)",
				);
				GCC_WARN_64_TO_32_BIT_CONVERSION = YES;
				GCC_WARN_ABOUT_RETURN_TYPE = YES_ERROR;
				GCC_WARN_UNDECLARED_SELECTOR = YES;
				GCC_WARN_UNINITIALIZED_AUTOS = YES_AGGRESSIVE;
				GCC_WARN_UNUSED_FUNCTION = YES;
				GCC_WARN_UNUSED_VARIABLE = YES;
				IPHONEOS_DEPLOYMENT_TARGET = 17.0;
				MTL_ENABLE_DEBUG_INFO = INCLUDE_SOURCE;
				MTL_FAST_MATH = YES;
				ONLY_ACTIVE_ARCH = YES;
				SDKROOT = iphoneos;
				SWIFT_ACTIVE_COMPILATION_CONDITIONS = DEBUG;
				SWIFT_OPTIMIZATION_LEVEL = "-Onone";
			};
			name = Debug;
		};
		H00100000000000000000002 /* Release */ = {
			isa = XCBuildConfiguration;
			buildSettings = {
				ALWAYS_SEARCH_USER_PATHS = NO;
				CLANG_ANALYZER_NONNULL = YES;
				CLANG_ANALYZER_NUMBER_OBJECT_CONVERSION = YES_AGGRESSIVE;
				CLANG_CXX_LANGUAGE_STANDARD = "gnu++20";
				CLANG_ENABLE_MODULES = YES;
				CLANG_ENABLE_OBJC_ARC = YES;
				CLANG_ENABLE_OBJC_WEAK = YES;
				CLANG_WARN_BLOCK_CAPTURE_AUTORELEASING = YES;
				CLANG_WARN_BOOL_CONVERSION = YES;
				CLANG_WARN_COMMA = YES;
				CLANG_WARN_CONSTANT_CONVERSION = YES;
				CLANG_WARN_DEPRECATED_OBJC_IMPLEMENTATIONS = YES;
				CLANG_WARN_DIRECT_OBJC_ISA_USAGE = YES_ERROR;
				CLANG_WARN_DOCUMENTATION_COMMENTS = YES;
				CLANG_WARN_EMPTY_BODY = YES;
				CLANG_WARN_ENUM_CONVERSION = YES;
				CLANG_WARN_INFINITE_RECURSION = YES;
				CLANG_WARN_INT_CONVERSION = YES;
				CLANG_WARN_NON_LITERAL_NULL_CONVERSION = YES;
				CLANG_WARN_OBJC_IMPLICIT_RETAIN_SELF = YES;
				CLANG_WARN_OBJC_LITERAL_CONVERSION = YES;
				CLANG_WARN_OBJC_ROOT_CLASS = YES_ERROR;
				CLANG_WARN_QUOTED_INCLUDE_IN_FRAMEWORK_HEADER = YES;
				CLANG_WARN_RANGE_LOOP_ANALYSIS = YES;
				CLANG_WARN_STRICT_PROTOTYPES = YES;
				CLANG_WARN_SUSPICIOUS_MOVE = YES;
				CLANG_WARN_UNGUARDED_AVAILABILITY = YES_AGGRESSIVE;
				CLANG_WARN_UNREACHABLE_CODE = YES;
				CLANG_WARN__DUPLICATE_METHOD_MATCH = YES;
				COPY_PHASE_STRIP = NO;
				DEBUG_INFORMATION_FORMAT = "dwarf-with-dsym";
				ENABLE_NS_ASSERTIONS = NO;
				ENABLE_STRICT_OBJC_MSGSEND = YES;
				ENABLE_USER_SCRIPT_SANDBOXING = YES;
				GCC_C_LANGUAGE_STANDARD = gnu17;
				GCC_NO_COMMON_BLOCKS = YES;
				GCC_WARN_64_TO_32_BIT_CONVERSION = YES;
				GCC_WARN_ABOUT_RETURN_TYPE = YES_ERROR;
				GCC_WARN_UNDECLARED_SELECTOR = YES;
				GCC_WARN_UNINITIALIZED_AUTOS = YES_AGGRESSIVE;
				GCC_WARN_UNUSED_FUNCTION = YES;
				GCC_WARN_UNUSED_VARIABLE = YES;
				IPHONEOS_DEPLOYMENT_TARGET = 17.0;
				MTL_ENABLE_DEBUG_INFO = NO;
				MTL_FAST_MATH = YES;
				SDKROOT = iphoneos;
				SWIFT_COMPILATION_MODE = wholemodule;
				SWIFT_OPTIMIZATION_LEVEL = "-O";
				VALIDATE_PRODUCT = YES;
			};
			name = Release;
		};
		H00100000000000000000005 /* Debug */ = {
			isa = XCBuildConfiguration;
			buildSettings = {
				ASSETCATALOG_COMPILER_GLOBAL_ACCENT_COLOR_NAME = AccentColor;
				CODE_SIGN_STYLE = Automatic;
				CURRENT_PROJECT_VERSION = 1;
				DEVELOPMENT_TEAM = "";
				ENABLE_PREVIEWS = YES;
				GENERATE_INFOPLIST_FILE = YES;
				INFOPLIST_KEY_CFBundleDisplayName = Doggo;
				INFOPLIST_KEY_LSApplicationCategoryType = "public.app-category.lifestyle";
				INFOPLIST_KEY_NSLocationAlwaysAndWhenInUseUsageDescription = "Doggo использует геолокацию для записи прогулок и поиска мест рядом.";
				INFOPLIST_KEY_NSLocationWhenInUseUsageDescription = "Doggo использует геолокацию для записи прогулок и поиска мест рядом.";
				INFOPLIST_KEY_NSPhotoLibraryUsageDescription = "Doggo использует фото из медиатеки для аватаров питомцев.";
				INFOPLIST_KEY_UIApplicationSceneManifest_Generation = YES;
				INFOPLIST_KEY_UIApplicationSupportsIndirectInputEvents = YES;
				INFOPLIST_KEY_UILaunchScreen_Generation = YES;
				INFOPLIST_KEY_UISupportedInterfaceOrientations_iPad = "UIInterfaceOrientationPortrait UIInterfaceOrientationPortraitUpsideDown UIInterfaceOrientationLandscapeLeft UIInterfaceOrientationLandscapeRight";
				INFOPLIST_KEY_UISupportedInterfaceOrientations_iPhone = "UIInterfaceOrientationPortrait";
				IPHONEOS_DEPLOYMENT_TARGET = 17.0;
				LD_RUNPATH_SEARCH_PATHS = (
					"$(inherited)",
					"@executable_path/Frameworks",
				);
				MARKETING_VERSION = 1.0;
				PRODUCT_BUNDLE_IDENTIFIER = com.doggo.app;
				PRODUCT_NAME = "$(TARGET_NAME)";
				SDKROOT = iphoneos;
				SUPPORTED_PLATFORMS = "iphoneos iphonesimulator";
				SUPPORTS_MACCATALYST = NO;
				SUPPORTS_MAC_DESIGNED_FOR_IPHONE_IPAD = NO;
				SWIFT_EMIT_LOC_STRINGS = YES;
				SWIFT_VERSION = 6.0;
				TARGETED_DEVICE_FAMILY = "1,2";
			};
			name = Debug;
		};
		H00100000000000000000006 /* Release */ = {
			isa = XCBuildConfiguration;
			buildSettings = {
				ASSETCATALOG_COMPILER_GLOBAL_ACCENT_COLOR_NAME = AccentColor;
				CODE_SIGN_STYLE = Automatic;
				CURRENT_PROJECT_VERSION = 1;
				DEVELOPMENT_TEAM = "";
				ENABLE_PREVIEWS = YES;
				GENERATE_INFOPLIST_FILE = YES;
				INFOPLIST_KEY_CFBundleDisplayName = Doggo;
				INFOPLIST_KEY_LSApplicationCategoryType = "public.app-category.lifestyle";
				INFOPLIST_KEY_NSLocationAlwaysAndWhenInUseUsageDescription = "Doggo использует геолокацию для записи прогулок и поиска мест рядом.";
				INFOPLIST_KEY_NSLocationWhenInUseUsageDescription = "Doggo использует геолокацию для записи прогулок и поиска мест рядом.";
				INFOPLIST_KEY_NSPhotoLibraryUsageDescription = "Doggo использует фото из медиатеки для аватаров питомцев.";
				INFOPLIST_KEY_UIApplicationSceneManifest_Generation = YES;
				INFOPLIST_KEY_UIApplicationSupportsIndirectInputEvents = YES;
				INFOPLIST_KEY_UILaunchScreen_Generation = YES;
				INFOPLIST_KEY_UISupportedInterfaceOrientations_iPad = "UIInterfaceOrientationPortrait UIInterfaceOrientationPortraitUpsideDown UIInterfaceOrientationLandscapeLeft UIInterfaceOrientationLandscapeRight";
				INFOPLIST_KEY_UISupportedInterfaceOrientations_iPhone = "UIInterfaceOrientationPortrait";
				IPHONEOS_DEPLOYMENT_TARGET = 17.0;
				LD_RUNPATH_SEARCH_PATHS = (
					"$(inherited)",
					"@executable_path/Frameworks",
				);
				MARKETING_VERSION = 1.0;
				PRODUCT_BUNDLE_IDENTIFIER = com.doggo.app;
				PRODUCT_NAME = "$(TARGET_NAME)";
				SDKROOT = iphoneos;
				SUPPORTED_PLATFORMS = "iphoneos iphonesimulator";
				SUPPORTS_MACCATALYST = NO;
				SUPPORTS_MAC_DESIGNED_FOR_IPHONE_IPAD = NO;
				SWIFT_EMIT_LOC_STRINGS = YES;
				SWIFT_VERSION = 6.0;
				TARGETED_DEVICE_FAMILY = "1,2";
			};
			name = Release;
		};
/* End XCBuildConfiguration section */

/* Begin XCConfigurationList section */
		H00100000000000000000003 /* Build configuration list for PBXNativeTarget "Doggo" */ = {
			isa = XCConfigurationList;
			buildConfigurations = (
				H00100000000000000000005 /* Debug */,
				H00100000000000000000006 /* Release */,
			);
			defaultConfigurationIsVisible = 0;
			defaultConfigurationName = Release;
		};
		H00100000000000000000004 /* Build configuration list for PBXProject "Doggo" */ = {
			isa = XCConfigurationList;
			buildConfigurations = (
				H00100000000000000000001 /* Debug */,
				H00100000000000000000002 /* Release */,
			);
			defaultConfigurationIsVisible = 0;
			defaultConfigurationName = Release;
		};
/* End XCConfigurationList section */
	};
	rootObject = F00100000000000000000002 /* Project object */;
}
